
Microsoft Visual Studio Solution File, Format Version 12.00
# Visual Studio 15
VisualStudioVersion = 15.0.27130.2020
MinimumVisualStudioVersion = 10.0.40219.1
Project("{FAE04EC0-301F-11D3-BF4B-00C04F79EFBC}") = "Prof CSharp 5", "Prof CSharp5\Prof CSharp 5.csproj", "{81A51005-B611-411F-B1B9-A5FDACA2CEB0}"
EndProject
Project("{9A19103F-16F7-4668-BE54-9A1E7A4F7556}") = "WhatsNewAttributes", "WhatsNewAttributes\WhatsNewAttributes.csproj", "{58F8A01A-7A47-426C-9FA6-434D9D230B9E}"
EndProject
Project("{FAE04EC0-301F-11D3-BF4B-00C04F79EFBC}") = "MyVectors", "MyVectorsLibrary\MyVectors.csproj", "{74855B95-674D-4E1C-872A-1933BA425BD0}"
EndProject
Project("{2150E333-8FDC-42A3-9474-1A3956D46DE8}") = "XAML", "XAML", "{7AB6E2E2-D7BB-4F98-A6B0-0591DAB46AB9}"
EndProject
Project("{FAE04EC0-301F-11D3-BF4B-00C04F79EFBC}") = "WpfApp1", "WpfApp1\WpfApp1.csproj", "{1D64A10E-6CA1-420F-9CCC-7D302DFE55E2}"
EndProject
Project("{FAE04EC0-301F-11D3-BF4B-00C04F79EFBC}") = "ClassLibrary", "ClassLibrary\ClassLibrary.csproj", "{CAFCF7D2-EA9D-4B86-86B5-9AEE7238AA5A}"
EndProject
Global
	GlobalSection(SolutionConfigurationPlatforms) = preSolution
		Debug|Any CPU = Debug|Any CPU
		Release|Any CPU = Release|Any CPU
	EndGlobalSection
	GlobalSection(ProjectConfigurationPlatforms) = postSolution
		{81A51005-B611-411F-B1B9-A5FDACA2CEB0}.Debug|Any CPU.ActiveCfg = Debug|Any CPU
		{81A51005-B611-411F-B1B9-A5FDACA2CEB0}.Debug|Any CPU.Build.0 = Debug|Any CPU
		{81A51005-B611-411F-B1B9-A5FDACA2CEB0}.Release|Any CPU.ActiveCfg = Release|Any CPU
		{81A51005-B611-411F-B1B9-A5FDACA2CEB0}.Release|Any CPU.Build.0 = Release|Any CPU
		{58F8A01A-7A47-426C-9FA6-434D9D230B9E}.Debug|Any CPU.ActiveCfg = Debug|Any CPU
		{58F8A01A-7A47-426C-9FA6-434D9D230B9E}.Debug|Any CPU.Build.0 = Debug|Any CPU
		{58F8A01A-7A47-426C-9FA6-434D9D230B9E}.Release|Any CPU.ActiveCfg = Release|Any CPU
		{58F8A01A-7A47-426C-9FA6-434D9D230B9E}.Release|Any CPU.Build.0 = Release|Any CPU
		{74855B95-674D-4E1C-872A-1933BA425BD0}.Debug|Any CPU.ActiveCfg = Debug|Any CPU
		{74855B95-674D-4E1C-872A-1933BA425BD0}.Debug|Any CPU.Build.0 = Debug|Any CPU
		{74855B95-674D-4E1C-872A-1933BA425BD0}.Release|Any CPU.ActiveCfg = Release|Any CPU
		{74855B95-674D-4E1C-872A-1933BA425BD0}.Release|Any CPU.Build.0 = Release|Any CPU
		{1D64A10E-6CA1-420F-9CCC-7D302DFE55E2}.Debug|Any CPU.ActiveCfg = Debug|Any CPU
		{1D64A10E-6CA1-420F-9CCC-7D302DFE55E2}.Debug|Any CPU.Build.0 = Debug|Any CPU
		{1D64A10E-6CA1-420F-9CCC-7D302DFE55E2}.Release|Any CPU.ActiveCfg = Release|Any CPU
		{1D64A10E-6CA1-420F-9CCC-7D302DFE55E2}.Release|Any CPU.Build.0 = Release|Any CPU
		{CAFCF7D2-EA9D-4B86-86B5-9AEE7238AA5A}.Debug|Any CPU.ActiveCfg = Debug|Any CPU
		{CAFCF7D2-EA9D-4B86-86B5-9AEE7238AA5A}.Debug|Any CPU.Build.0 = Debug|Any CPU
		{CAFCF7D2-EA9D-4B86-86B5-9AEE7238AA5A}.Release|Any CPU.ActiveCfg = Release|Any CPU
		{CAFCF7D2-EA9D-4B86-86B5-9AEE7238AA5A}.Release|Any CPU.Build.0 = Release|Any CPU
	EndGlobalSection
	GlobalSection(SolutionProperties) = preSolution
		HideSolutionNode = FALSE
	EndGlobalSection
	GlobalSection(NestedProjects) = preSolution
		{1D64A10E-6CA1-420F-9CCC-7D302DFE55E2} = {7AB6E2E2-D7BB-4F98-A6B0-0591DAB46AB9}
		{CAFCF7D2-EA9D-4B86-86B5-9AEE7238AA5A} = {7AB6E2E2-D7BB-4F98-A6B0-0591DAB46AB9}
	EndGlobalSection
	GlobalSection(ExtensibilityGlobals) = postSolution
		SolutionGuid = {56083717-582B-4A21-BB09-98C5B2F29338}
	EndGlobalSection
EndGlobal
