
Microsoft Visual Studio Solution File, Format Version 12.00
# Visual Studio 15
VisualStudioVersion = 15.0.27130.2020
MinimumVisualStudioVersion = 10.0.40219.1
Project("{FAE04EC0-301F-11D3-BF4B-00C04F79EFBC}") = "Prof CSharp 5", "Prof CSharp5\Prof CSharp 5.csproj", "{81A51005-B611-411F-B1B9-A5FDACA2CEB0}"
EndProject
Project("{9A19103F-16F7-4668-BE54-9A1E7A4F7556}") = "WhatsNewAttributes", "WhatsNewAttributes\WhatsNewAttributes.csproj", "{58F8A01A-7A47-426C-9FA6-434D9D230B9E}"
EndProject
Project("{FAE04EC0-301F-11D3-BF4B-00C04F79EFBC}") = "MyVectors", "MyVectorsLibrary\MyVectors.csproj", "{74855B95-674D-4E1C-872A-1933BA425BD0}"
EndProject
Project("{FAE04EC0-301F-11D3-BF4B-00C04F79EFBC}") = "30-MEF", "30-MEF\30-MEF.csproj", "{41B68520-9E4D-499E-AC7A-7F101831C959}"
EndProject
Project("{2150E333-8FDC-42A3-9474-1A3956D46DE8}") = "30-ManagedExtensibilityFramework", "30-ManagedExtensibilityFramework", "{812528F3-BBE3-4A51-A01D-2B434F8B600B}"
EndProject
Project("{FAE04EC0-301F-11D3-BF4B-00C04F79EFBC}") = "CalculatorContract", "30-MEF\CalculatorContract\CalculatorContract.csproj", "{AB3D217E-3D46-4E02-9677-ADFEFB49A442}"
EndProject
Project("{FAE04EC0-301F-11D3-BF4B-00C04F79EFBC}") = "SimpleCalculator", "30-MEF\SimpleCalculator\SimpleCalculator.csproj", "{1A6116FA-5E9D-4C19-98FB-FCD682EB45A1}"
EndProject
Global
	GlobalSection(SolutionConfigurationPlatforms) = preSolution
		Debug|Any CPU = Debug|Any CPU
		Release|Any CPU = Release|Any CPU
	EndGlobalSection
	GlobalSection(ProjectConfigurationPlatforms) = postSolution
		{81A51005-B611-411F-B1B9-A5FDACA2CEB0}.Debug|Any CPU.ActiveCfg = Debug|Any CPU
		{81A51005-B611-411F-B1B9-A5FDACA2CEB0}.Debug|Any CPU.Build.0 = Debug|Any CPU
		{81A51005-B611-411F-B1B9-A5FDACA2CEB0}.Release|Any CPU.ActiveCfg = Release|Any CPU
		{81A51005-B611-411F-B1B9-A5FDACA2CEB0}.Release|Any CPU.Build.0 = Release|Any CPU
		{58F8A01A-7A47-426C-9FA6-434D9D230B9E}.Debug|Any CPU.ActiveCfg = Debug|Any CPU
		{58F8A01A-7A47-426C-9FA6-434D9D230B9E}.Debug|Any CPU.Build.0 = Debug|Any CPU
		{58F8A01A-7A47-426C-9FA6-434D9D230B9E}.Release|Any CPU.ActiveCfg = Release|Any CPU
		{58F8A01A-7A47-426C-9FA6-434D9D230B9E}.Release|Any CPU.Build.0 = Release|Any CPU
		{74855B95-674D-4E1C-872A-1933BA425BD0}.Debug|Any CPU.ActiveCfg = Debug|Any CPU
		{74855B95-674D-4E1C-872A-1933BA425BD0}.Debug|Any CPU.Build.0 = Debug|Any CPU
		{74855B95-674D-4E1C-872A-1933BA425BD0}.Release|Any CPU.ActiveCfg = Release|Any CPU
		{74855B95-674D-4E1C-872A-1933BA425BD0}.Release|Any CPU.Build.0 = Release|Any CPU
		{41B68520-9E4D-499E-AC7A-7F101831C959}.Debug|Any CPU.ActiveCfg = Debug|Any CPU
		{41B68520-9E4D-499E-AC7A-7F101831C959}.Debug|Any CPU.Build.0 = Debug|Any CPU
		{41B68520-9E4D-499E-AC7A-7F101831C959}.Release|Any CPU.ActiveCfg = Release|Any CPU
		{41B68520-9E4D-499E-AC7A-7F101831C959}.Release|Any CPU.Build.0 = Release|Any CPU
		{AB3D217E-3D46-4E02-9677-ADFEFB49A442}.Debug|Any CPU.ActiveCfg = Debug|Any CPU
		{AB3D217E-3D46-4E02-9677-ADFEFB49A442}.Debug|Any CPU.Build.0 = Debug|Any CPU
		{AB3D217E-3D46-4E02-9677-ADFEFB49A442}.Release|Any CPU.ActiveCfg = Release|Any CPU
		{AB3D217E-3D46-4E02-9677-ADFEFB49A442}.Release|Any CPU.Build.0 = Release|Any CPU
		{1A6116FA-5E9D-4C19-98FB-FCD682EB45A1}.Debug|Any CPU.ActiveCfg = Debug|Any CPU
		{1A6116FA-5E9D-4C19-98FB-FCD682EB45A1}.Debug|Any CPU.Build.0 = Debug|Any CPU
		{1A6116FA-5E9D-4C19-98FB-FCD682EB45A1}.Release|Any CPU.ActiveCfg = Release|Any CPU
		{1A6116FA-5E9D-4C19-98FB-FCD682EB45A1}.Release|Any CPU.Build.0 = Release|Any CPU
	EndGlobalSection
	GlobalSection(SolutionProperties) = preSolution
		HideSolutionNode = FALSE
	EndGlobalSection
	GlobalSection(NestedProjects) = preSolution
		{41B68520-9E4D-499E-AC7A-7F101831C959} = {812528F3-BBE3-4A51-A01D-2B434F8B600B}
		{AB3D217E-3D46-4E02-9677-ADFEFB49A442} = {812528F3-BBE3-4A51-A01D-2B434F8B600B}
		{1A6116FA-5E9D-4C19-98FB-FCD682EB45A1} = {812528F3-BBE3-4A51-A01D-2B434F8B600B}
	EndGlobalSection
	GlobalSection(ExtensibilityGlobals) = postSolution
		SolutionGuid = {56083717-582B-4A21-BB09-98C5B2F29338}
	EndGlobalSection
EndGlobal
